// !$*UTF8*$!
{
	archiveVersion = 1;
	classes = {
	};
	objectVersion = 56;
	objects = {

/* Begin PBXBuildFile section */
		AA000001 /* FarawayApp.swift in Sources */ = {isa = PBXBuildFile; fileRef = AB000001 /* FarawayApp.swift */; };
		AA000002 /* AppDelegate.swift in Sources */ = {isa = PBXBuildFile; fileRef = AB000002 /* AppDelegate.swift */; };
		AA000003 /* StatusBarView.swift in Sources */ = {isa = PBXBuildFile; fileRef = AB000003 /* StatusBarView.swift */; };
		AA000004 /* ReminderOverlayView.swift in Sources */ = {isa = PBXBuildFile; fileRef = AB000004 /* ReminderOverlayView.swift */; };
		AA000005 /* DailySummaryView.swift in Sources */ = {isa = PBXBuildFile; fileRef = AB000005 /* DailySummaryView.swift */; };
		AA000006 /* AppMonitor.swift in Sources */ = {isa = PBXBuildFile; fileRef = AB000006 /* AppMonitor.swift */; };
		AA000007 /* TimerManager.swift in Sources */ = {isa = PBXBuildFile; fileRef = AB000007 /* TimerManager.swift */; };
		AA000008 /* SessionTracker.swift in Sources */ = {isa = PBXBuildFile; fileRef = AB000008 /* SessionTracker.swift */; };
		AA000009 /* ReminderMessage.swift in Sources */ = {isa = PBXBuildFile; fileRef = AB000009 /* ReminderMessage.swift */; };
		AA00000A /* Assets.xcassets in Resources */ = {isa = PBXBuildFile; fileRef = AB00000A /* Assets.xcassets */; };
		AA00000B /* SettingsView.swift in Sources */ = {isa = PBXBuildFile; fileRef = AB00000E /* SettingsView.swift */; };
		AA00000C /* WelcomeView.swift in Sources */ = {isa = PBXBuildFile; fileRef = AB00000F /* WelcomeView.swift */; };
		92DA497974EE47E2A6C377AC /* WeatherManager.swift in Sources */ = {isa = PBXBuildFile; fileRef = CFE9B12849CD43178C994A0C /* WeatherManager.swift */; };
		2BC734BED07B4FEEA607627A /* MilestoneManager.swift in Sources */ = {isa = PBXBuildFile; fileRef = 2CA973C6F8944B768353DF07 /* MilestoneManager.swift */; };
		27F8FE18EEEC4C54A7CEA50B /* DateManager.swift in Sources */ = {isa = PBXBuildFile; fileRef = F3B4ED383EED4839A3BA0E99 /* DateManager.swift */; };
/* End PBXBuildFile section */

/* Begin PBXFileReference section */
		AB000001 /* FarawayApp.swift */ = {isa = PBXFileReference; lastKnownFileType = sourcecode.swift; path = FarawayApp.swift; sourceTree = "<group>"; };
		AB000002 /* AppDelegate.swift */ = {isa = PBXFileReference; lastKnownFileType = sourcecode.swift; path = AppDelegate.swift; sourceTree = "<group>"; };
		AB000003 /* StatusBarView.swift */ = {isa = PBXFileReference; lastKnownFileType = sourcecode.swift; path = StatusBarView.swift; sourceTree = "<group>"; };
		AB000004 /* ReminderOverlayView.swift */ = {isa = PBXFileReference; lastKnownFileType = sourcecode.swift; path = ReminderOverlayView.swift; sourceTree = "<group>"; };
		AB000005 /* DailySummaryView.swift */ = {isa = PBXFileReference; lastKnownFileType = sourcecode.swift; path = DailySummaryView.swift; sourceTree = "<group>"; };
		AB000006 /* AppMonitor.swift */ = {isa = PBXFileReference; lastKnownFileType = sourcecode.swift; path = AppMonitor.swift; sourceTree = "<group>"; };
		AB000007 /* TimerManager.swift */ = {isa = PBXFileReference; lastKnownFileType = sourcecode.swift; path = TimerManager.swift; sourceTree = "<group>"; };
		AB000008 /* SessionTracker.swift */ = {isa = PBXFileReference; lastKnownFileType = sourcecode.swift; path = SessionTracker.swift; sourceTree = "<group>"; };
		AB000009 /* ReminderMessage.swift */ = {isa = PBXFileReference; lastKnownFileType = sourcecode.swift; path = ReminderMessage.swift; sourceTree = "<group>"; };
		AB00000A /* Assets.xcassets */ = {isa = PBXFileReference; lastKnownFileType = folder.assetcatalog; path = Assets.xcassets; sourceTree = "<group>"; };
		AB00000B /* Info.plist */ = {isa = PBXFileReference; lastKnownFileType = text.plist.xml; path = Info.plist; sourceTree = "<group>"; };
		AB00000C /* Faraway.entitlements */ = {isa = PBXFileReference; lastKnownFileType = text.plist.entitlements; path = Faraway.entitlements; sourceTree = "<group>"; };
		AB00000D /* Faraway.app */ = {isa = PBXFileReference; explicitFileType = wrapper.application; includeInIndex = 0; path = Faraway.app; sourceTree = BUILT_PRODUCTS_DIR; };
		AB00000E /* SettingsView.swift */ = {isa = PBXFileReference; lastKnownFileType = sourcecode.swift; path = SettingsView.swift; sourceTree = "<group>"; };
		AB00000F /* WelcomeView.swift */ = {isa = PBXFileReference; lastKnownFileType = sourcecode.swift; path = WelcomeView.swift; sourceTree = "<group>"; };
		CFE9B12849CD43178C994A0C /* WeatherManager.swift */ = {isa = PBXFileReference; lastKnownFileType = sourcecode.swift; path = WeatherManager.swift; sourceTree = "<group>"; };
		2CA973C6F8944B768353DF07 /* MilestoneManager.swift */ = {isa = PBXFileReference; lastKnownFileType = sourcecode.swift; path = MilestoneManager.swift; sourceTree = "<group>"; };
		F3B4ED383EED4839A3BA0E99 /* DateManager.swift */ = {isa = PBXFileReference; lastKnownFileType = sourcecode.swift; path = DateManager.swift; sourceTree = "<group>"; };
/* End PBXFileReference section */

/* Begin PBXFrameworksBuildPhase section */
		AC000001 /* Frameworks */ = {
			isa = PBXFrameworksBuildPhase;
			buildActionMask = 2147483647;
			files = (
			);
			runOnlyForDeploymentPostprocessing = 0;
		};
/* End PBXFrameworksBuildPhase section */

/* Begin PBXGroup section */
		AD000001 = {
			isa = PBXGroup;
			children = (
				AD000002 /* Faraway */,
				AD000006 /* Products */,
			);
			sourceTree = "<group>";
		};
		AD000002 /* Faraway */ = {
			isa = PBXGroup;
			children = (
				AB000001 /* FarawayApp.swift */,
				AB000002 /* AppDelegate.swift */,
				AD000003 /* Views */,
				AD000004 /* Models */,
				AD000005 /* Managers */,
				AB00000A /* Assets.xcassets */,
				AB00000B /* Info.plist */,
				AB00000C /* Faraway.entitlements */,
			);
			path = Faraway;
			sourceTree = "<group>";
		};
		AD000003 /* Views */ = {
			isa = PBXGroup;
			children = (
				F3B4ED383EED4839A3BA0E99 /* DateManager.swift */,
				2CA973C6F8944B768353DF07 /* MilestoneManager.swift */,
				CFE9B12849CD43178C994A0C /* WeatherManager.swift */,
				AB000003 /* StatusBarView.swift */,
				AB000004 /* ReminderOverlayView.swift */,
				AB000005 /* DailySummaryView.swift */,
				AB00000E /* SettingsView.swift */,
				AB00000F /* WelcomeView.swift */,
			);
			path = Views;
			sourceTree = "<group>";
		};
		AD000004 /* Models */ = {
			isa = PBXGroup;
			children = (
				AB000009 /* ReminderMessage.swift */,
			);
			path = Models;
			sourceTree = "<group>";
		};
		AD000005 /* Managers */ = {
			isa = PBXGroup;
			children = (
				AB000006 /* AppMonitor.swift */,
				AB000007 /* TimerManager.swift */,
				AB000008 /* SessionTracker.swift */,
			);
			path = Managers;
			sourceTree = "<group>";
		};
		AD000006 /* Products */ = {
			isa = PBXGroup;
			children = (
				AB00000D /* Faraway.app */,
			);
			name = Products;
			sourceTree = "<group>";
		};
/* End PBXGroup section */

/* Begin PBXNativeTarget section */
		AE000001 /* Faraway */ = {
			isa = PBXNativeTarget;
			buildConfigurationList = AF000003 /* Build configuration list for PBXNativeTarget "Faraway" */;
			buildPhases = (
				AC000002 /* Sources */,
				AC000001 /* Frameworks */,
				AC000003 /* Resources */,
			);
			buildRules = (
			);
			dependencies = (
			);
			name = Faraway;
			productName = Faraway;
			productReference = AB00000D /* Faraway.app */;
			productType = "com.apple.product-type.application";
		};
/* End PBXNativeTarget section */

/* Begin PBXProject section */
		AE000002 /* Project object */ = {
			isa = PBXProject;
			attributes = {
				BuildIndependentTargetsInParallel = 1;
				LastSwiftUpdateCheck = 1500;
				LastUpgradeCheck = 2620;
				TargetAttributes = {
					AE000001 = {
						CreatedOnToolsVersion = 15.0;
					};
				};
			};
			buildConfigurationList = AF000001 /* Build configuration list for PBXProject "Faraway" */;
			compatibilityVersion = "Xcode 14.0";
			developmentRegion = "zh-Hans";
			hasScannedForEncodings = 0;
			knownRegions = (
				en,
				"zh-Hans",
				Base,
			);
			mainGroup = AD000001;
			productRefGroup = AD000006 /* Products */;
			projectDirPath = "";
			projectRoot = "";
			targets = (
				AE000001 /* Faraway */,
			);
		};
/* End PBXProject section */

/* Begin PBXResourcesBuildPhase section */
		AC000003 /* Resources */ = {
			isa = PBXResourcesBuildPhase;
			buildActionMask = 2147483647;
			files = (
				AA00000A /* Assets.xcassets in Resources */,
			);
			runOnlyForDeploymentPostprocessing = 0;
		};
/* End PBXResourcesBuildPhase section */

/* Begin PBXSourcesBuildPhase section */
		AC000002 /* Sources */ = {
			isa = PBXSourcesBuildPhase;
			buildActionMask = 2147483647;
			files = (
				27F8FE18EEEC4C54A7CEA50B /* DateManager.swift in Sources */,
				2BC734BED07B4FEEA607627A /* MilestoneManager.swift in Sources */,
				92DA497974EE47E2A6C377AC /* WeatherManager.swift in Sources */,
				AA000001 /* FarawayApp.swift in Sources */,
				AA000002 /* AppDelegate.swift in Sources */,
				AA000003 /* StatusBarView.swift in Sources */,
				AA000004 /* ReminderOverlayView.swift in Sources */,
				AA000005 /* DailySummaryView.swift in Sources */,
				AA000006 /* AppMonitor.swift in Sources */,
				AA000007 /* TimerManager.swift in Sources */,
				AA000008 /* SessionTracker.swift in Sources */,
				AA000009 /* ReminderMessage.swift in Sources */,
				AA00000B /* SettingsView.swift in Sources */,
				AA00000C /* WelcomeView.swift in Sources */,
			);
			runOnlyForDeploymentPostprocessing = 0;
		};
/* End PBXSourcesBuildPhase section */

/* Begin XCBuildConfiguration section */
		AF000004 /* Debug */ = {
			isa = XCBuildConfiguration;
			buildSettings = {
				ALWAYS_SEARCH_USER_PATHS = NO;
				ASSETCATALOG_COMPILER_GENERATE_SWIFT_ASSET_SYMBOL_EXTENSIONS = YES;
				CLANG_ANALYZER_LOCALIZABILITY_NONLOCALIZED = YES;
				CLANG_ANALYZER_NONNULL = YES;
				CLANG_CXX_LANGUAGE_STANDARD = "gnu++20";
				CLANG_ENABLE_MODULES = YES;
				CLANG_ENABLE_OBJC_ARC = YES;
				CLANG_WARN_BLOCK_CAPTURE_AUTORELEASING = YES;
				CLANG_WARN_BOOL_CONVERSION = YES;
				CLANG_WARN_COMMA = YES;
				CLANG_WARN_CONSTANT_CONVERSION = YES;
				CLANG_WARN_DEPRECATED_OBJC_IMPLEMENTATIONS = YES;
				CLANG_WARN_EMPTY_BODY = YES;
				CLANG_WARN_ENUM_CONVERSION = YES;
				CLANG_WARN_INFINITE_RECURSION = YES;
				CLANG_WARN_INT_CONVERSION = YES;
				CLANG_WARN_NON_LITERAL_NULL_CONVERSION = YES;
				CLANG_WARN_OBJC_IMPLICIT_RETAIN_SELF = YES;
				CLANG_WARN_OBJC_LITERAL_CONVERSION = YES;
				CLANG_WARN_QUOTED_INCLUDE_IN_FRAMEWORK_HEADER = YES;
				CLANG_WARN_RANGE_LOOP_ANALYSIS = YES;
				CLANG_WARN_STRICT_PROTOTYPES = YES;
				CLANG_WARN_SUSPICIOUS_MOVE = YES;
				CLANG_WARN_UNREACHABLE_CODE = YES;
				CLANG_WARN__DUPLICATE_METHOD_MATCH = YES;
				COPY_PHASE_STRIP = NO;
				DEAD_CODE_STRIPPING = YES;
				DEBUG_INFORMATION_FORMAT = dwarf;
				ENABLE_STRICT_OBJC_MSGSEND = YES;
				ENABLE_TESTABILITY = YES;
				ENABLE_USER_SCRIPT_SANDBOXING = YES;
				GCC_DYNAMIC_NO_PIC = NO;
				GCC_NO_COMMON_BLOCKS = YES;
				GCC_OPTIMIZATION_LEVEL = 0;
				GCC_PREPROCESSOR_DEFINITIONS = (
					"DEBUG=1",
					"$(inherited)",
				);
				GCC_WARN_64_TO_32_BIT_CONVERSION = YES;
				GCC_WARN_ABOUT_RETURN_TYPE = YES_ERROR;
				GCC_WARN_UNDECLARED_SELECTOR = YES;
				GCC_WARN_UNINITIALIZED_AUTOS = YES_AGGRESSIVE;
				GCC_WARN_UNUSED_FUNCTION = YES;
				GCC_WARN_UNUSED_VARIABLE = YES;
				MACOSX_DEPLOYMENT_TARGET = 13.0;
				MTL_ENABLE_DEBUG_INFO = INCLUDE_SOURCE;
				ONLY_ACTIVE_ARCH = YES;
				SDKROOT = macosx;
				STRING_CATALOG_GENERATE_SYMBOLS = YES;
				SWIFT_ACTIVE_COMPILATION_CONDITIONS = "DEBUG $(inherited)";
				SWIFT_OPTIMIZATION_LEVEL = "-Onone";
			};
			name = Debug;
		};
		AF000005 /* Release */ = {
			isa = XCBuildConfiguration;
			buildSettings = {
				ALWAYS_SEARCH_USER_PATHS = NO;
				ASSETCATALOG_COMPILER_GENERATE_SWIFT_ASSET_SYMBOL_EXTENSIONS = YES;
				CLANG_ANALYZER_LOCALIZABILITY_NONLOCALIZED = YES;
				CLANG_ANALYZER_NONNULL = YES;
				CLANG_CXX_LANGUAGE_STANDARD = "gnu++20";
				CLANG_ENABLE_MODULES = YES;
				CLANG_ENABLE_OBJC_ARC = YES;
				CLANG_WARN_BLOCK_CAPTURE_AUTORELEASING = YES;
				CLANG_WARN_BOOL_CONVERSION = YES;
				CLANG_WARN_COMMA = YES;
				CLANG_WARN_CONSTANT_CONVERSION = YES;
				CLANG_WARN_DEPRECATED_OBJC_IMPLEMENTATIONS = YES;
				CLANG_WARN_EMPTY_BODY = YES;
				CLANG_WARN_ENUM_CONVERSION = YES;
				CLANG_WARN_INFINITE_RECURSION = YES;
				CLANG_WARN_INT_CONVERSION = YES;
				CLANG_WARN_NON_LITERAL_NULL_CONVERSION = YES;
				CLANG_WARN_OBJC_IMPLICIT_RETAIN_SELF = YES;
				CLANG_WARN_OBJC_LITERAL_CONVERSION = YES;
				CLANG_WARN_QUOTED_INCLUDE_IN_FRAMEWORK_HEADER = YES;
				CLANG_WARN_RANGE_LOOP_ANALYSIS = YES;
				CLANG_WARN_STRICT_PROTOTYPES = YES;
				CLANG_WARN_SUSPICIOUS_MOVE = YES;
				CLANG_WARN_UNREACHABLE_CODE = YES;
				CLANG_WARN__DUPLICATE_METHOD_MATCH = YES;
				COPY_PHASE_STRIP = NO;
				DEAD_CODE_STRIPPING = YES;
				DEBUG_INFORMATION_FORMAT = "dwarf-with-dsym";
				ENABLE_NS_ASSERTIONS = NO;
				ENABLE_STRICT_OBJC_MSGSEND = YES;
				ENABLE_USER_SCRIPT_SANDBOXING = YES;
				GCC_NO_COMMON_BLOCKS = YES;
				GCC_WARN_64_TO_32_BIT_CONVERSION = YES;
				GCC_WARN_ABOUT_RETURN_TYPE = YES_ERROR;
				GCC_WARN_UNDECLARED_SELECTOR = YES;
				GCC_WARN_UNINITIALIZED_AUTOS = YES_AGGRESSIVE;
				GCC_WARN_UNUSED_FUNCTION = YES;
				GCC_WARN_UNUSED_VARIABLE = YES;
				MACOSX_DEPLOYMENT_TARGET = 13.0;
				MTL_ENABLE_DEBUG_INFO = NO;
				SDKROOT = macosx;
				STRING_CATALOG_GENERATE_SYMBOLS = YES;
				SWIFT_COMPILATION_MODE = wholemodule;
			};
			name = Release;
		};
		AF000006 /* Debug */ = {
			isa = XCBuildConfiguration;
			buildSettings = {
				ASSETCATALOG_COMPILER_APPICON_NAME = AppIcon;
				CODE_SIGN_ENTITLEMENTS = Faraway/Faraway.entitlements;
				CODE_SIGN_STYLE = Automatic;
				COMBINE_HIDPI_IMAGES = YES;
				CURRENT_PROJECT_VERSION = 1;
				DEAD_CODE_STRIPPING = YES;
				GENERATE_INFOPLIST_FILE = NO;
				INFOPLIST_FILE = Faraway/Info.plist;
				INFOPLIST_KEY_LSApplicationCategoryType = "public.app-category.healthcare-fitness";
				INFOPLIST_KEY_NSHumanReadableCopyright = "Made with care 🌻";
				LD_RUNPATH_SEARCH_PATHS = (
					"$(inherited)",
					"@executable_path/../Frameworks",
				);
				MARKETING_VERSION = 1.0.16;
				PRODUCT_BUNDLE_IDENTIFIER = com.eyebreak.app;
				PRODUCT_NAME = "$(TARGET_NAME)";
				SWIFT_EMIT_LOC_STRINGS = YES;
				SWIFT_VERSION = 5.0;
			};
			name = Debug;
		};
		AF000007 /* Release */ = {
			isa = XCBuildConfiguration;
			buildSettings = {
				ASSETCATALOG_COMPILER_APPICON_NAME = AppIcon;
				CODE_SIGN_ENTITLEMENTS = Faraway/Faraway.entitlements;
				CODE_SIGN_STYLE = Automatic;
				COMBINE_HIDPI_IMAGES = YES;
				CURRENT_PROJECT_VERSION = 1;
				DEAD_CODE_STRIPPING = YES;
				GENERATE_INFOPLIST_FILE = NO;
				INFOPLIST_FILE = Faraway/Info.plist;
				INFOPLIST_KEY_LSApplicationCategoryType = "public.app-category.healthcare-fitness";
				INFOPLIST_KEY_NSHumanReadableCopyright = "Made with care 🌻";
				LD_RUNPATH_SEARCH_PATHS = (
					"$(inherited)",
					"@executable_path/../Frameworks",
				);
				MARKETING_VERSION = 1.0.16;
				PRODUCT_BUNDLE_IDENTIFIER = com.eyebreak.app;
				PRODUCT_NAME = "$(TARGET_NAME)";
				SWIFT_EMIT_LOC_STRINGS = YES;
				SWIFT_VERSION = 5.0;
			};
			name = Release;
		};
/* End XCBuildConfiguration section */

/* Begin XCConfigurationList section */
		AF000001 /* Build configuration list for PBXProject "Faraway" */ = {
			isa = XCConfigurationList;
			buildConfigurations = (
				AF000004 /* Debug */,
				AF000005 /* Release */,
			);
			defaultConfigurationIsVisible = 0;
			defaultConfigurationName = Release;
		};
		AF000003 /* Build configuration list for PBXNativeTarget "Faraway" */ = {
			isa = XCConfigurationList;
			buildConfigurations = (
				AF000006 /* Debug */,
				AF000007 /* Release */,
			);
			defaultConfigurationIsVisible = 0;
			defaultConfigurationName = Release;
		};
/* End XCConfigurationList section */
	};
	rootObject = AE000002 /* Project object */;
}
